// !$*UTF8*$!
{
	archiveVersion = 1;
	classes = {
	};
	objectVersion = 77;
	objects = {

/* Begin PBXBuildFile section */
		759475722EA34DB1008B88D1 /* GoogleSignIn in Frameworks */ = {isa = PBXBuildFile; productRef = 759475712EA34DB1008B88D1 /* GoogleSignIn */; };
		759475742EA34DB1008B88D1 /* GoogleSignInSwift in Frameworks */ = {isa = PBXBuildFile; productRef = 759475732EA34DB1008B88D1 /* GoogleSignInSwift */; };
		759475772EA34E2A008B88D1 /* FirebaseAnalytics in Frameworks */ = {isa = PBXBuildFile; productRef = 759475762EA34E2A008B88D1 /* FirebaseAnalytics */; };
		759475792EA34E2A008B88D1 /* FirebaseAnalyticsCore in Frameworks */ = {isa = PBXBuildFile; productRef = 759475782EA34E2A008B88D1 /* FirebaseAnalyticsCore */; };
		7594757B2EA34E2A008B88D1 /* FirebaseAnalyticsIdentitySupport in Frameworks */ = {isa = PBXBuildFile; productRef = 7594757A2EA34E2A008B88D1 /* FirebaseAnalyticsIdentitySupport */; };
		7594757D2EA34E2A008B88D1 /* FirebaseAuth in Frameworks */ = {isa = PBXBuildFile; productRef = 7594757C2EA34E2A008B88D1 /* FirebaseAuth */; };
		7594757F2EA34E2A008B88D1 /* FirebaseAuthCombine-Community in Frameworks */ = {isa = PBXBuildFile; productRef = 7594757E2EA34E2A008B88D1 /* FirebaseAuthCombine-Community */; };
		759475812EA34E2A008B88D1 /* FirebaseCore in Frameworks */ = {isa = PBXBuildFile; productRef = 759475802EA34E2A008B88D1 /* FirebaseCore */; };
		759475832EA34E2A008B88D1 /* FirebaseCrashlytics in Frameworks */ = {isa = PBXBuildFile; productRef = 759475822EA34E2A008B88D1 /* FirebaseCrashlytics */; };
		759475852EA34E2A008B88D1 /* FirebaseMessaging in Frameworks */ = {isa = PBXBuildFile; productRef = 759475842EA34E2A008B88D1 /* FirebaseMessaging */; };
		759475892EA34E9F008B88D1 /* FirebaseAuth in Frameworks */ = {isa = PBXBuildFile; productRef = 759475882EA34E9F008B88D1 /* FirebaseAuth */; };
		7594758B2EA34E9F008B88D1 /* FirebaseAuthCombine-Community in Frameworks */ = {isa = PBXBuildFile; productRef = 7594758A2EA34E9F008B88D1 /* FirebaseAuthCombine-Community */; };
		7594758D2EA34E9F008B88D1 /* FirebaseCore in Frameworks */ = {isa = PBXBuildFile; productRef = 7594758C2EA34E9F008B88D1 /* FirebaseCore */; };
		7594758F2EA34EB0008B88D1 /* GoogleSignIn in Frameworks */ = {isa = PBXBuildFile; productRef = 7594758E2EA34EB0008B88D1 /* GoogleSignIn */; };
		759475912EA34EB0008B88D1 /* GoogleSignInSwift in Frameworks */ = {isa = PBXBuildFile; productRef = 759475902EA34EB0008B88D1 /* GoogleSignInSwift */; };
/* End PBXBuildFile section */

/* Begin PBXContainerItemProxy section */
		759475542EA34D85008B88D1 /* PBXContainerItemProxy */ = {
			isa = PBXContainerItemProxy;
			containerPortal = 7594753C2EA34D83008B88D1 /* Project object */;
			proxyType = 1;
			remoteGlobalIDString = 759475432EA34D83008B88D1;
			remoteInfo = AIPhotoApp;
		};
		7594755E2EA34D85008B88D1 /* PBXContainerItemProxy */ = {
			isa = PBXContainerItemProxy;
			containerPortal = 7594753C2EA34D83008B88D1 /* Project object */;
			proxyType = 1;
			remoteGlobalIDString = 759475432EA34D83008B88D1;
			remoteInfo = AIPhotoApp;
		};
/* End PBXContainerItemProxy section */

/* Begin PBXFileReference section */
		759475442EA34D83008B88D1 /* AIPhotoApp.app */ = {isa = PBXFileReference; explicitFileType = wrapper.application; includeInIndex = 0; path = AIPhotoApp.app; sourceTree = BUILT_PRODUCTS_DIR; };
		759475532EA34D85008B88D1 /* AIPhotoAppTests.xctest */ = {isa = PBXFileReference; explicitFileType = wrapper.cfbundle; includeInIndex = 0; path = AIPhotoAppTests.xctest; sourceTree = BUILT_PRODUCTS_DIR; };
		7594755D2EA34D85008B88D1 /* AIPhotoAppUITests.xctest */ = {isa = PBXFileReference; explicitFileType = wrapper.cfbundle; includeInIndex = 0; path = AIPhotoAppUITests.xctest; sourceTree = BUILT_PRODUCTS_DIR; };
/* End PBXFileReference section */

/* Begin PBXFileSystemSynchronizedBuildFileExceptionSet section */
		75D1D1C92EA53F7A00BED19C /* Exceptions for "AIPhotoApp" folder in "AIPhotoApp" target */ = {
			isa = PBXFileSystemSynchronizedBuildFileExceptionSet;
			membershipExceptions = (
				Info.plist,
			);
			target = 759475432EA34D83008B88D1 /* AIPhotoApp */;
		};
/* End PBXFileSystemSynchronizedBuildFileExceptionSet section */

/* Begin PBXFileSystemSynchronizedRootGroup section */
		759475462EA34D83008B88D1 /* AIPhotoApp */ = {
			isa = PBXFileSystemSynchronizedRootGroup;
			exceptions = (
				75D1D1C92EA53F7A00BED19C /* Exceptions for "AIPhotoApp" folder in "AIPhotoApp" target */,
			);
			path = AIPhotoApp;
			sourceTree = "<group>";
		};
		759475562EA34D85008B88D1 /* AIPhotoAppTests */ = {
			isa = PBXFileSystemSynchronizedRootGroup;
			path = AIPhotoAppTests;
			sourceTree = "<group>";
		};
		759475602EA34D85008B88D1 /* AIPhotoAppUITests */ = {
			isa = PBXFileSystemSynchronizedRootGroup;
			path = AIPhotoAppUITests;
			sourceTree = "<group>";
		};
/* End PBXFileSystemSynchronizedRootGroup section */

/* Begin PBXFrameworksBuildPhase section */
		759475412EA34D83008B88D1 /* Frameworks */ = {
			isa = PBXFrameworksBuildPhase;
			buildActionMask = 2147483647;
			files = (
				759475722EA34DB1008B88D1 /* GoogleSignIn in Frameworks */,
				7594757D2EA34E2A008B88D1 /* FirebaseAuth in Frameworks */,
				759475852EA34E2A008B88D1 /* FirebaseMessaging in Frameworks */,
				7594757B2EA34E2A008B88D1 /* FirebaseAnalyticsIdentitySupport in Frameworks */,
				759475742EA34DB1008B88D1 /* GoogleSignInSwift in Frameworks */,
				759475772EA34E2A008B88D1 /* FirebaseAnalytics in Frameworks */,
				7594757F2EA34E2A008B88D1 /* FirebaseAuthCombine-Community in Frameworks */,
				759475832EA34E2A008B88D1 /* FirebaseCrashlytics in Frameworks */,
				759475812EA34E2A008B88D1 /* FirebaseCore in Frameworks */,
				759475792EA34E2A008B88D1 /* FirebaseAnalyticsCore in Frameworks */,
			);
			runOnlyForDeploymentPostprocessing = 0;
		};
		759475502EA34D85008B88D1 /* Frameworks */ = {
			isa = PBXFrameworksBuildPhase;
			buildActionMask = 2147483647;
			files = (
				759475912EA34EB0008B88D1 /* GoogleSignInSwift in Frameworks */,
				759475892EA34E9F008B88D1 /* FirebaseAuth in Frameworks */,
				7594758F2EA34EB0008B88D1 /* GoogleSignIn in Frameworks */,
				7594758D2EA34E9F008B88D1 /* FirebaseCore in Frameworks */,
				7594758B2EA34E9F008B88D1 /* FirebaseAuthCombine-Community in Frameworks */,
			);
			runOnlyForDeploymentPostprocessing = 0;
		};
		7594755A2EA34D85008B88D1 /* Frameworks */ = {
			isa = PBXFrameworksBuildPhase;
			buildActionMask = 2147483647;
			files = (
			);
			runOnlyForDeploymentPostprocessing = 0;
		};
/* End PBXFrameworksBuildPhase section */

/* Begin PBXGroup section */
		7594753B2EA34D83008B88D1 = {
			isa = PBXGroup;
			children = (
				759475462EA34D83008B88D1 /* AIPhotoApp */,
				759475562EA34D85008B88D1 /* AIPhotoAppTests */,
				759475602EA34D85008B88D1 /* AIPhotoAppUITests */,
				759475452EA34D83008B88D1 /* Products */,
			);
			sourceTree = "<group>";
		};
		759475452EA34D83008B88D1 /* Products */ = {
			isa = PBXGroup;
			children = (
				759475442EA34D83008B88D1 /* AIPhotoApp.app */,
				759475532EA34D85008B88D1 /* AIPhotoAppTests.xctest */,
				7594755D2EA34D85008B88D1 /* AIPhotoAppUITests.xctest */,
			);
			name = Products;
			sourceTree = "<group>";
		};
/* End PBXGroup section */

/* Begin PBXNativeTarget section */
		759475432EA34D83008B88D1 /* AIPhotoApp */ = {
			isa = PBXNativeTarget;
			buildConfigurationList = 759475672EA34D85008B88D1 /* Build configuration list for PBXNativeTarget "AIPhotoApp" */;
			buildPhases = (
				759475402EA34D83008B88D1 /* Sources */,
				759475412EA34D83008B88D1 /* Frameworks */,
				759475422EA34D83008B88D1 /* Resources */,
			);
			buildRules = (
			);
			dependencies = (
			);
			fileSystemSynchronizedGroups = (
				759475462EA34D83008B88D1 /* AIPhotoApp */,
			);
			name = AIPhotoApp;
			packageProductDependencies = (
				759475712EA34DB1008B88D1 /* GoogleSignIn */,
				759475732EA34DB1008B88D1 /* GoogleSignInSwift */,
				759475762EA34E2A008B88D1 /* FirebaseAnalytics */,
				759475782EA34E2A008B88D1 /* FirebaseAnalyticsCore */,
				7594757A2EA34E2A008B88D1 /* FirebaseAnalyticsIdentitySupport */,
				7594757C2EA34E2A008B88D1 /* FirebaseAuth */,
				7594757E2EA34E2A008B88D1 /* FirebaseAuthCombine-Community */,
				759475802EA34E2A008B88D1 /* FirebaseCore */,
				759475822EA34E2A008B88D1 /* FirebaseCrashlytics */,
				759475842EA34E2A008B88D1 /* FirebaseMessaging */,
			);
			productName = AIPhotoApp;
			productReference = 759475442EA34D83008B88D1 /* AIPhotoApp.app */;
			productType = "com.apple.product-type.application";
		};
		759475522EA34D85008B88D1 /* AIPhotoAppTests */ = {
			isa = PBXNativeTarget;
			buildConfigurationList = 7594756A2EA34D85008B88D1 /* Build configuration list for PBXNativeTarget "AIPhotoAppTests" */;
			buildPhases = (
				7594754F2EA34D85008B88D1 /* Sources */,
				759475502EA34D85008B88D1 /* Frameworks */,
				759475512EA34D85008B88D1 /* Resources */,
			);
			buildRules = (
			);
			dependencies = (
				759475552EA34D85008B88D1 /* PBXTargetDependency */,
			);
			fileSystemSynchronizedGroups = (
				759475562EA34D85008B88D1 /* AIPhotoAppTests */,
			);
			name = AIPhotoAppTests;
			packageProductDependencies = (
				759475882EA34E9F008B88D1 /* FirebaseAuth */,
				7594758A2EA34E9F008B88D1 /* FirebaseAuthCombine-Community */,
				7594758C2EA34E9F008B88D1 /* FirebaseCore */,
				7594758E2EA34EB0008B88D1 /* GoogleSignIn */,
				759475902EA34EB0008B88D1 /* GoogleSignInSwift */,
			);
			productName = AIPhotoAppTests;
			productReference = 759475532EA34D85008B88D1 /* AIPhotoAppTests.xctest */;
			productType = "com.apple.product-type.bundle.unit-test";
		};
		7594755C2EA34D85008B88D1 /* AIPhotoAppUITests */ = {
			isa = PBXNativeTarget;
			buildConfigurationList = 7594756D2EA34D85008B88D1 /* Build configuration list for PBXNativeTarget "AIPhotoAppUITests" */;
			buildPhases = (
				759475592EA34D85008B88D1 /* Sources */,
				7594755A2EA34D85008B88D1 /* Frameworks */,
				7594755B2EA34D85008B88D1 /* Resources */,
			);
			buildRules = (
			);
			dependencies = (
				7594755F2EA34D85008B88D1 /* PBXTargetDependency */,
			);
			fileSystemSynchronizedGroups = (
				759475602EA34D85008B88D1 /* AIPhotoAppUITests */,
			);
			name = AIPhotoAppUITests;
			packageProductDependencies = (
			);
			productName = AIPhotoAppUITests;
			productReference = 7594755D2EA34D85008B88D1 /* AIPhotoAppUITests.xctest */;
			productType = "com.apple.product-type.bundle.ui-testing";
		};
/* End PBXNativeTarget section */

/* Begin PBXProject section */
		7594753C2EA34D83008B88D1 /* Project object */ = {
			isa = PBXProject;
			attributes = {
				BuildIndependentTargetsInParallel = 1;
				LastSwiftUpdateCheck = 2600;
				LastUpgradeCheck = 2600;
				TargetAttributes = {
					759475432EA34D83008B88D1 = {
						CreatedOnToolsVersion = 26.0.1;
					};
					759475522EA34D85008B88D1 = {
						CreatedOnToolsVersion = 26.0.1;
						TestTargetID = 759475432EA34D83008B88D1;
					};
					7594755C2EA34D85008B88D1 = {
						CreatedOnToolsVersion = 26.0.1;
						TestTargetID = 759475432EA34D83008B88D1;
					};
				};
			};
			buildConfigurationList = 7594753F2EA34D83008B88D1 /* Build configuration list for PBXProject "AIPhotoApp" */;
			developmentRegion = en;
			hasScannedForEncodings = 0;
			knownRegions = (
				en,
				Base,
			);
			mainGroup = 7594753B2EA34D83008B88D1;
			minimizedProjectReferenceProxies = 1;
			packageReferences = (
				759475702EA34DB1008B88D1 /* XCRemoteSwiftPackageReference "GoogleSignIn-iOS" */,
				759475752EA34E2A008B88D1 /* XCRemoteSwiftPackageReference "firebase-ios-sdk" */,
			);
			preferredProjectObjectVersion = 77;
			productRefGroup = 759475452EA34D83008B88D1 /* Products */;
			projectDirPath = "";
			projectRoot = "";
			targets = (
				759475432EA34D83008B88D1 /* AIPhotoApp */,
				759475522EA34D85008B88D1 /* AIPhotoAppTests */,
				7594755C2EA34D85008B88D1 /* AIPhotoAppUITests */,
			);
		};
/* End PBXProject section */

/* Begin PBXResourcesBuildPhase section */
		759475422EA34D83008B88D1 /* Resources */ = {
			isa = PBXResourcesBuildPhase;
			buildActionMask = 2147483647;
			files = (
			);
			runOnlyForDeploymentPostprocessing = 0;
		};
		759475512EA34D85008B88D1 /* Resources */ = {
			isa = PBXResourcesBuildPhase;
			buildActionMask = 2147483647;
			files = (
			);
			runOnlyForDeploymentPostprocessing = 0;
		};
		7594755B2EA34D85008B88D1 /* Resources */ = {
			isa = PBXResourcesBuildPhase;
			buildActionMask = 2147483647;
			files = (
			);
			runOnlyForDeploymentPostprocessing = 0;
		};
/* End PBXResourcesBuildPhase section */

/* Begin PBXSourcesBuildPhase section */
		759475402EA34D83008B88D1 /* Sources */ = {
			isa = PBXSourcesBuildPhase;
			buildActionMask = 2147483647;
			files = (
			);
			runOnlyForDeploymentPostprocessing = 0;
		};
		7594754F2EA34D85008B88D1 /* Sources */ = {
			isa = PBXSourcesBuildPhase;
			buildActionMask = 2147483647;
			files = (
			);
			runOnlyForDeploymentPostprocessing = 0;
		};
		759475592EA34D85008B88D1 /* Sources */ = {
			isa = PBXSourcesBuildPhase;
			buildActionMask = 2147483647;
			files = (
			);
			runOnlyForDeploymentPostprocessing = 0;
		};
/* End PBXSourcesBuildPhase section */

/* Begin PBXTargetDependency section */
		759475552EA34D85008B88D1 /* PBXTargetDependency */ = {
			isa = PBXTargetDependency;
			target = 759475432EA34D83008B88D1 /* AIPhotoApp */;
			targetProxy = 759475542EA34D85008B88D1 /* PBXContainerItemProxy */;
		};
		7594755F2EA34D85008B88D1 /* PBXTargetDependency */ = {
			isa = PBXTargetDependency;
			target = 759475432EA34D83008B88D1 /* AIPhotoApp */;
			targetProxy = 7594755E2EA34D85008B88D1 /* PBXContainerItemProxy */;
		};
/* End PBXTargetDependency section */

/* Begin XCBuildConfiguration section */
		759475652EA34D85008B88D1 /* Debug */ = {
			isa = XCBuildConfiguration;
			buildSettings = {
				ALWAYS_SEARCH_USER_PATHS = NO;
				ASSETCATALOG_COMPILER_GENERATE_SWIFT_ASSET_SYMBOL_EXTENSIONS = YES;
				CLANG_ANALYZER_NONNULL = YES;
				CLANG_ANALYZER_NUMBER_OBJECT_CONVERSION = YES_AGGRESSIVE;
				CLANG_CXX_LANGUAGE_STANDARD = "gnu++20";
				CLANG_ENABLE_MODULES = YES;
				CLANG_ENABLE_OBJC_ARC = YES;
				CLANG_ENABLE_OBJC_WEAK = YES;
				CLANG_WARN_BLOCK_CAPTURE_AUTORELEASING = YES;
				CLANG_WARN_BOOL_CONVERSION = YES;
				CLANG_WARN_COMMA = YES;
				CLANG_WARN_CONSTANT_CONVERSION = YES;
				CLANG_WARN_DEPRECATED_OBJC_IMPLEMENTATIONS = YES;
				CLANG_WARN_DIRECT_OBJC_ISA_USAGE = YES_ERROR;
				CLANG_WARN_DOCUMENTATION_COMMENTS = YES;
				CLANG_WARN_EMPTY_BODY = YES;
				CLANG_WARN_ENUM_CONVERSION = YES;
				CLANG_WARN_INFINITE_RECURSION = YES;
				CLANG_WARN_INT_CONVERSION = YES;
				CLANG_WARN_NON_LITERAL_NULL_CONVERSION = YES;
				CLANG_WARN_OBJC_IMPLICIT_RETAIN_SELF = YES;
				CLANG_WARN_OBJC_LITERAL_CONVERSION = YES;
				CLANG_WARN_OBJC_ROOT_CLASS = YES_ERROR;
				CLANG_WARN_QUOTED_INCLUDE_IN_FRAMEWORK_HEADER = YES;
				CLANG_WARN_RANGE_LOOP_ANALYSIS = YES;
				CLANG_WARN_STRICT_PROTOTYPES = YES;
				CLANG_WARN_SUSPICIOUS_MOVE = YES;
				CLANG_WARN_UNGUARDED_AVAILABILITY = YES_AGGRESSIVE;
				CLANG_WARN_UNREACHABLE_CODE = YES;
				CLANG_WARN__DUPLICATE_METHOD_MATCH = YES;
				COPY_PHASE_STRIP = NO;
				DEBUG_INFORMATION_FORMAT = dwarf;
				DEVELOPMENT_TEAM = WG7WMAD5MS;
				ENABLE_STRICT_OBJC_MSGSEND = YES;
				ENABLE_TESTABILITY = YES;
				ENABLE_USER_SCRIPT_SANDBOXING = YES;
				GCC_C_LANGUAGE_STANDARD = gnu17;
				GCC_DYNAMIC_NO_PIC = NO;
				GCC_NO_COMMON_BLOCKS = YES;
				GCC_OPTIMIZATION_LEVEL = 0;
				GCC_PREPROCESSOR_DEFINITIONS = (
					"DEBUG=1",
					"$(inherited)",
				);
				GCC_WARN_64_TO_32_BIT_CONVERSION = YES;
				GCC_WARN_ABOUT_RETURN_TYPE = YES_ERROR;
				GCC_WARN_UNDECLARED_SELECTOR = YES;
				GCC_WARN_UNINITIALIZED_AUTOS = YES_AGGRESSIVE;
				GCC_WARN_UNUSED_FUNCTION = YES;
				GCC_WARN_UNUSED_VARIABLE = YES;
				IPHONEOS_DEPLOYMENT_TARGET = 26.0;
				LOCALIZATION_PREFERS_STRING_CATALOGS = YES;
				MTL_ENABLE_DEBUG_INFO = INCLUDE_SOURCE;
				MTL_FAST_MATH = YES;
				ONLY_ACTIVE_ARCH = YES;
				SDKROOT = iphoneos;
				SWIFT_ACTIVE_COMPILATION_CONDITIONS = "DEBUG $(inherited)";
				SWIFT_OPTIMIZATION_LEVEL = "-Onone";
			};
			name = Debug;
		};
		759475662EA34D85008B88D1 /* Release */ = {
			isa = XCBuildConfiguration;
			buildSettings = {
				ALWAYS_SEARCH_USER_PATHS = NO;
				ASSETCATALOG_COMPILER_GENERATE_SWIFT_ASSET_SYMBOL_EXTENSIONS = YES;
				CLANG_ANALYZER_NONNULL = YES;
				CLANG_ANALYZER_NUMBER_OBJECT_CONVERSION = YES_AGGRESSIVE;
				CLANG_CXX_LANGUAGE_STANDARD = "gnu++20";
				CLANG_ENABLE_MODULES = YES;
				CLANG_ENABLE_OBJC_ARC = YES;
				CLANG_ENABLE_OBJC_WEAK = YES;
				CLANG_WARN_BLOCK_CAPTURE_AUTORELEASING = YES;
				CLANG_WARN_BOOL_CONVERSION = YES;
				CLANG_WARN_COMMA = YES;
				CLANG_WARN_CONSTANT_CONVERSION = YES;
				CLANG_WARN_DEPRECATED_OBJC_IMPLEMENTATIONS = YES;
				CLANG_WARN_DIRECT_OBJC_ISA_USAGE = YES_ERROR;
				CLANG_WARN_DOCUMENTATION_COMMENTS = YES;
				CLANG_WARN_EMPTY_BODY = YES;
				CLANG_WARN_ENUM_CONVERSION = YES;
				CLANG_WARN_INFINITE_RECURSION = YES;
				CLANG_WARN_INT_CONVERSION = YES;
				CLANG_WARN_NON_LITERAL_NULL_CONVERSION = YES;
				CLANG_WARN_OBJC_IMPLICIT_RETAIN_SELF = YES;
				CLANG_WARN_OBJC_LITERAL_CONVERSION = YES;
				CLANG_WARN_OBJC_ROOT_CLASS = YES_ERROR;
				CLANG_WARN_QUOTED_INCLUDE_IN_FRAMEWORK_HEADER = YES;
				CLANG_WARN_RANGE_LOOP_ANALYSIS = YES;
				CLANG_WARN_STRICT_PROTOTYPES = YES;
				CLANG_WARN_SUSPICIOUS_MOVE = YES;
				CLANG_WARN_UNGUARDED_AVAILABILITY = YES_AGGRESSIVE;
				CLANG_WARN_UNREACHABLE_CODE = YES;
				CLANG_WARN__DUPLICATE_METHOD_MATCH = YES;
				COPY_PHASE_STRIP = NO;
				DEBUG_INFORMATION_FORMAT = "dwarf-with-dsym";
				DEVELOPMENT_TEAM = WG7WMAD5MS;
				ENABLE_NS_ASSERTIONS = NO;
				ENABLE_STRICT_OBJC_MSGSEND = YES;
				ENABLE_USER_SCRIPT_SANDBOXING = YES;
				GCC_C_LANGUAGE_STANDARD = gnu17;
				GCC_NO_COMMON_BLOCKS = YES;
				GCC_WARN_64_TO_32_BIT_CONVERSION = YES;
				GCC_WARN_ABOUT_RETURN_TYPE = YES_ERROR;
				GCC_WARN_UNDECLARED_SELECTOR = YES;
				GCC_WARN_UNINITIALIZED_AUTOS = YES_AGGRESSIVE;
				GCC_WARN_UNUSED_FUNCTION = YES;
				GCC_WARN_UNUSED_VARIABLE = YES;
				IPHONEOS_DEPLOYMENT_TARGET = 26.0;
				LOCALIZATION_PREFERS_STRING_CATALOGS = YES;
				MTL_ENABLE_DEBUG_INFO = NO;
				MTL_FAST_MATH = YES;
				SDKROOT = iphoneos;
				SWIFT_COMPILATION_MODE = wholemodule;
				VALIDATE_PRODUCT = YES;
			};
			name = Release;
		};
		759475682EA34D85008B88D1 /* Debug */ = {
			isa = XCBuildConfiguration;
			buildSettings = {
				ASSETCATALOG_COMPILER_APPICON_NAME = AppIcon;
				ASSETCATALOG_COMPILER_GLOBAL_ACCENT_COLOR_NAME = AccentColor;
				CODE_SIGN_STYLE = Automatic;
				CURRENT_PROJECT_VERSION = 1;
				DEVELOPMENT_TEAM = WG7WMAD5MS;
				ENABLE_PREVIEWS = YES;
				GENERATE_INFOPLIST_FILE = YES;
				INFOPLIST_FILE = AIPhotoApp/Info.plist;
				INFOPLIST_KEY_UIApplicationSceneManifest_Generation = YES;
				INFOPLIST_KEY_UIApplicationSupportsIndirectInputEvents = YES;
				INFOPLIST_KEY_UILaunchScreen_Generation = YES;
				INFOPLIST_KEY_UISupportedInterfaceOrientations_iPad = "UIInterfaceOrientationPortrait UIInterfaceOrientationPortraitUpsideDown UIInterfaceOrientationLandscapeLeft UIInterfaceOrientationLandscapeRight";
				INFOPLIST_KEY_UISupportedInterfaceOrientations_iPhone = "UIInterfaceOrientationPortrait UIInterfaceOrientationLandscapeLeft UIInterfaceOrientationLandscapeRight";
				LD_RUNPATH_SEARCH_PATHS = (
					"$(inherited)",
					"@executable_path/Frameworks",
				);
				MARKETING_VERSION = 1.0;
				PRODUCT_BUNDLE_IDENTIFIER = com.attech.imageaiwrapper;
				PRODUCT_NAME = "$(TARGET_NAME)";
				STRING_CATALOG_GENERATE_SYMBOLS = YES;
				SWIFT_APPROACHABLE_CONCURRENCY = YES;
				SWIFT_DEFAULT_ACTOR_ISOLATION = MainActor;
				SWIFT_EMIT_LOC_STRINGS = YES;
				SWIFT_UPCOMING_FEATURE_MEMBER_IMPORT_VISIBILITY = YES;
				SWIFT_VERSION = 5.0;
				TARGETED_DEVICE_FAMILY = "1,2";
			};
			name = Debug;
		};
		759475692EA34D85008B88D1 /* Release */ = {
			isa = XCBuildConfiguration;
			buildSettings = {
				ASSETCATALOG_COMPILER_APPICON_NAME = AppIcon;
				ASSETCATALOG_COMPILER_GLOBAL_ACCENT_COLOR_NAME = AccentColor;
				CODE_SIGN_STYLE = Automatic;
				CURRENT_PROJECT_VERSION = 1;
				DEVELOPMENT_TEAM = WG7WMAD5MS;
				ENABLE_PREVIEWS = YES;
				GENERATE_INFOPLIST_FILE = YES;
				INFOPLIST_FILE = AIPhotoApp/Info.plist;
				INFOPLIST_KEY_UIApplicationSceneManifest_Generation = YES;
				INFOPLIST_KEY_UIApplicationSupportsIndirectInputEvents = YES;
				INFOPLIST_KEY_UILaunchScreen_Generation = YES;
				INFOPLIST_KEY_UISupportedInterfaceOrientations_iPad = "UIInterfaceOrientationPortrait UIInterfaceOrientationPortraitUpsideDown UIInterfaceOrientationLandscapeLeft UIInterfaceOrientationLandscapeRight";
				INFOPLIST_KEY_UISupportedInterfaceOrientations_iPhone = "UIInterfaceOrientationPortrait UIInterfaceOrientationLandscapeLeft UIInterfaceOrientationLandscapeRight";
				LD_RUNPATH_SEARCH_PATHS = (
					"$(inherited)",
					"@executable_path/Frameworks",
				);
				MARKETING_VERSION = 1.0;
				PRODUCT_BUNDLE_IDENTIFIER = com.attech.imageaiwrapper;
				PRODUCT_NAME = "$(TARGET_NAME)";
				STRING_CATALOG_GENERATE_SYMBOLS = YES;
				SWIFT_APPROACHABLE_CONCURRENCY = YES;
				SWIFT_DEFAULT_ACTOR_ISOLATION = MainActor;
				SWIFT_EMIT_LOC_STRINGS = YES;
				SWIFT_UPCOMING_FEATURE_MEMBER_IMPORT_VISIBILITY = YES;
				SWIFT_VERSION = 5.0;
				TARGETED_DEVICE_FAMILY = "1,2";
			};
			name = Release;
		};
		7594756B2EA34D85008B88D1 /* Debug */ = {
			isa = XCBuildConfiguration;
			buildSettings = {
				BUNDLE_LOADER = "$(TEST_HOST)";
				CODE_SIGN_STYLE = Automatic;
				CURRENT_PROJECT_VERSION = 1;
				DEVELOPMENT_TEAM = WG7WMAD5MS;
				GENERATE_INFOPLIST_FILE = YES;
				IPHONEOS_DEPLOYMENT_TARGET = 26.0;
				MARKETING_VERSION = 1.0;
				PRODUCT_BUNDLE_IDENTIFIER = com.attech.imageaiwrapperTests;
				PRODUCT_NAME = "$(TARGET_NAME)";
				STRING_CATALOG_GENERATE_SYMBOLS = NO;
				SWIFT_APPROACHABLE_CONCURRENCY = YES;
				SWIFT_EMIT_LOC_STRINGS = NO;
				SWIFT_UPCOMING_FEATURE_MEMBER_IMPORT_VISIBILITY = YES;
				SWIFT_VERSION = 5.0;
				TARGETED_DEVICE_FAMILY = "1,2";
				TEST_HOST = "$(BUILT_PRODUCTS_DIR)/AIPhotoApp.app/$(BUNDLE_EXECUTABLE_FOLDER_PATH)/AIPhotoApp";
			};
			name = Debug;
		};
		7594756C2EA34D85008B88D1 /* Release */ = {
			isa = XCBuildConfiguration;
			buildSettings = {
				BUNDLE_LOADER = "$(TEST_HOST)";
				CODE_SIGN_STYLE = Automatic;
				CURRENT_PROJECT_VERSION = 1;
				DEVELOPMENT_TEAM = WG7WMAD5MS;
				GENERATE_INFOPLIST_FILE = YES;
				IPHONEOS_DEPLOYMENT_TARGET = 26.0;
				MARKETING_VERSION = 1.0;
				PRODUCT_BUNDLE_IDENTIFIER = com.attech.imageaiwrapperTests;
				PRODUCT_NAME = "$(TARGET_NAME)";
				STRING_CATALOG_GENERATE_SYMBOLS = NO;
				SWIFT_APPROACHABLE_CONCURRENCY = YES;
				SWIFT_EMIT_LOC_STRINGS = NO;
				SWIFT_UPCOMING_FEATURE_MEMBER_IMPORT_VISIBILITY = YES;
				SWIFT_VERSION = 5.0;
				TARGETED_DEVICE_FAMILY = "1,2";
				TEST_HOST = "$(BUILT_PRODUCTS_DIR)/AIPhotoApp.app/$(BUNDLE_EXECUTABLE_FOLDER_PATH)/AIPhotoApp";
			};
			name = Release;
		};
		7594756E2EA34D85008B88D1 /* Debug */ = {
			isa = XCBuildConfiguration;
			buildSettings = {
				CODE_SIGN_STYLE = Automatic;
				CURRENT_PROJECT_VERSION = 1;
				DEVELOPMENT_TEAM = WG7WMAD5MS;
				GENERATE_INFOPLIST_FILE = YES;
				MARKETING_VERSION = 1.0;
				PRODUCT_BUNDLE_IDENTIFIER = com.attech.imageaiwrapperUITests;
				PRODUCT_NAME = "$(TARGET_NAME)";
				STRING_CATALOG_GENERATE_SYMBOLS = NO;
				SWIFT_APPROACHABLE_CONCURRENCY = YES;
				SWIFT_EMIT_LOC_STRINGS = NO;
				SWIFT_UPCOMING_FEATURE_MEMBER_IMPORT_VISIBILITY = YES;
				SWIFT_VERSION = 5.0;
				TARGETED_DEVICE_FAMILY = "1,2";
				TEST_TARGET_NAME = AIPhotoApp;
			};
			name = Debug;
		};
		7594756F2EA34D85008B88D1 /* Release */ = {
			isa = XCBuildConfiguration;
			buildSettings = {
				CODE_SIGN_STYLE = Automatic;
				CURRENT_PROJECT_VERSION = 1;
				DEVELOPMENT_TEAM = WG7WMAD5MS;
				GENERATE_INFOPLIST_FILE = YES;
				MARKETING_VERSION = 1.0;
				PRODUCT_BUNDLE_IDENTIFIER = com.attech.imageaiwrapperUITests;
				PRODUCT_NAME = "$(TARGET_NAME)";
				STRING_CATALOG_GENERATE_SYMBOLS = NO;
				SWIFT_APPROACHABLE_CONCURRENCY = YES;
				SWIFT_EMIT_LOC_STRINGS = NO;
				SWIFT_UPCOMING_FEATURE_MEMBER_IMPORT_VISIBILITY = YES;
				SWIFT_VERSION = 5.0;
				TARGETED_DEVICE_FAMILY = "1,2";
				TEST_TARGET_NAME = AIPhotoApp;
			};
			name = Release;
		};
/* End XCBuildConfiguration section */

/* Begin XCConfigurationList section */
		7594753F2EA34D83008B88D1 /* Build configuration list for PBXProject "AIPhotoApp" */ = {
			isa = XCConfigurationList;
			buildConfigurations = (
				759475652EA34D85008B88D1 /* Debug */,
				759475662EA34D85008B88D1 /* Release */,
			);
			defaultConfigurationIsVisible = 0;
			defaultConfigurationName = Release;
		};
		759475672EA34D85008B88D1 /* Build configuration list for PBXNativeTarget "AIPhotoApp" */ = {
			isa = XCConfigurationList;
			buildConfigurations = (
				759475682EA34D85008B88D1 /* Debug */,
				759475692EA34D85008B88D1 /* Release */,
			);
			defaultConfigurationIsVisible = 0;
			defaultConfigurationName = Release;
		};
		7594756A2EA34D85008B88D1 /* Build configuration list for PBXNativeTarget "AIPhotoAppTests" */ = {
			isa = XCConfigurationList;
			buildConfigurations = (
				7594756B2EA34D85008B88D1 /* Debug */,
				7594756C2EA34D85008B88D1 /* Release */,
			);
			defaultConfigurationIsVisible = 0;
			defaultConfigurationName = Release;
		};
		7594756D2EA34D85008B88D1 /* Build configuration list for PBXNativeTarget "AIPhotoAppUITests" */ = {
			isa = XCConfigurationList;
			buildConfigurations = (
				7594756E2EA34D85008B88D1 /* Debug */,
				7594756F2EA34D85008B88D1 /* Release */,
			);
			defaultConfigurationIsVisible = 0;
			defaultConfigurationName = Release;
		};
/* End XCConfigurationList section */

/* Begin XCRemoteSwiftPackageReference section */
		759475702EA34DB1008B88D1 /* XCRemoteSwiftPackageReference "GoogleSignIn-iOS" */ = {
			isa = XCRemoteSwiftPackageReference;
			repositoryURL = "https://github.com/google/GoogleSignIn-iOS";
			requirement = {
				kind = upToNextMajorVersion;
				minimumVersion = 9.0.0;
			};
		};
		759475752EA34E2A008B88D1 /* XCRemoteSwiftPackageReference "firebase-ios-sdk" */ = {
			isa = XCRemoteSwiftPackageReference;
			repositoryURL = "https://github.com/firebase/firebase-ios-sdk";
			requirement = {
				kind = upToNextMajorVersion;
				minimumVersion = 12.4.0;
			};
		};
/* End XCRemoteSwiftPackageReference section */

/* Begin XCSwiftPackageProductDependency section */
		759475712EA34DB1008B88D1 /* GoogleSignIn */ = {
			isa = XCSwiftPackageProductDependency;
			package = 759475702EA34DB1008B88D1 /* XCRemoteSwiftPackageReference "GoogleSignIn-iOS" */;
			productName = GoogleSignIn;
		};
		759475732EA34DB1008B88D1 /* GoogleSignInSwift */ = {
			isa = XCSwiftPackageProductDependency;
			package = 759475702EA34DB1008B88D1 /* XCRemoteSwiftPackageReference "GoogleSignIn-iOS" */;
			productName = GoogleSignInSwift;
		};
		759475762EA34E2A008B88D1 /* FirebaseAnalytics */ = {
			isa = XCSwiftPackageProductDependency;
			package = 759475752EA34E2A008B88D1 /* XCRemoteSwiftPackageReference "firebase-ios-sdk" */;
			productName = FirebaseAnalytics;
		};
		759475782EA34E2A008B88D1 /* FirebaseAnalyticsCore */ = {
			isa = XCSwiftPackageProductDependency;
			package = 759475752EA34E2A008B88D1 /* XCRemoteSwiftPackageReference "firebase-ios-sdk" */;
			productName = FirebaseAnalyticsCore;
		};
		7594757A2EA34E2A008B88D1 /* FirebaseAnalyticsIdentitySupport */ = {
			isa = XCSwiftPackageProductDependency;
			package = 759475752EA34E2A008B88D1 /* XCRemoteSwiftPackageReference "firebase-ios-sdk" */;
			productName = FirebaseAnalyticsIdentitySupport;
		};
		7594757C2EA34E2A008B88D1 /* FirebaseAuth */ = {
			isa = XCSwiftPackageProductDependency;
			package = 759475752EA34E2A008B88D1 /* XCRemoteSwiftPackageReference "firebase-ios-sdk" */;
			productName = FirebaseAuth;
		};
		7594757E2EA34E2A008B88D1 /* FirebaseAuthCombine-Community */ = {
			isa = XCSwiftPackageProductDependency;
			package = 759475752EA34E2A008B88D1 /* XCRemoteSwiftPackageReference "firebase-ios-sdk" */;
			productName = "FirebaseAuthCombine-Community";
		};
		759475802EA34E2A008B88D1 /* FirebaseCore */ = {
			isa = XCSwiftPackageProductDependency;
			package = 759475752EA34E2A008B88D1 /* XCRemoteSwiftPackageReference "firebase-ios-sdk" */;
			productName = FirebaseCore;
		};
		759475822EA34E2A008B88D1 /* FirebaseCrashlytics */ = {
			isa = XCSwiftPackageProductDependency;
			package = 759475752EA34E2A008B88D1 /* XCRemoteSwiftPackageReference "firebase-ios-sdk" */;
			productName = FirebaseCrashlytics;
		};
		759475842EA34E2A008B88D1 /* FirebaseMessaging */ = {
			isa = XCSwiftPackageProductDependency;
			package = 759475752EA34E2A008B88D1 /* XCRemoteSwiftPackageReference "firebase-ios-sdk" */;
			productName = FirebaseMessaging;
		};
		759475882EA34E9F008B88D1 /* FirebaseAuth */ = {
			isa = XCSwiftPackageProductDependency;
			package = 759475752EA34E2A008B88D1 /* XCRemoteSwiftPackageReference "firebase-ios-sdk" */;
			productName = FirebaseAuth;
		};
		7594758A2EA34E9F008B88D1 /* FirebaseAuthCombine-Community */ = {
			isa = XCSwiftPackageProductDependency;
			package = 759475752EA34E2A008B88D1 /* XCRemoteSwiftPackageReference "firebase-ios-sdk" */;
			productName = "FirebaseAuthCombine-Community";
		};
		7594758C2EA34E9F008B88D1 /* FirebaseCore */ = {
			isa = XCSwiftPackageProductDependency;
			package = 759475752EA34E2A008B88D1 /* XCRemoteSwiftPackageReference "firebase-ios-sdk" */;
			productName = FirebaseCore;
		};
		7594758E2EA34EB0008B88D1 /* GoogleSignIn */ = {
			isa = XCSwiftPackageProductDependency;
			package = 759475702EA34DB1008B88D1 /* XCRemoteSwiftPackageReference "GoogleSignIn-iOS" */;
			productName = GoogleSignIn;
		};
		759475902EA34EB0008B88D1 /* GoogleSignInSwift */ = {
			isa = XCSwiftPackageProductDependency;
			package = 759475702EA34DB1008B88D1 /* XCRemoteSwiftPackageReference "GoogleSignIn-iOS" */;
			productName = GoogleSignInSwift;
		};
/* End XCSwiftPackageProductDependency section */
	};
	rootObject = 7594753C2EA34D83008B88D1 /* Project object */;
}
