// !$*UTF8*$!
{
	archiveVersion = 1;
	classes = {
	};
	objectVersion = 77;
	objects = {

/* Begin PBXBuildFile section */
		751C39DB2E9CAFCF00549AA6 /* Auth in Frameworks */ = {isa = PBXBuildFile; productRef = 751C39DA2E9CAFCF00549AA6 /* Auth */; };
		751C39DD2E9CAFCF00549AA6 /* Functions in Frameworks */ = {isa = PBXBuildFile; productRef = 751C39DC2E9CAFCF00549AA6 /* Functions */; };
		751C39DF2E9CAFCF00549AA6 /* PostgREST in Frameworks */ = {isa = PBXBuildFile; productRef = 751C39DE2E9CAFCF00549AA6 /* PostgREST */; };
		751C39E12E9CAFCF00549AA6 /* Realtime in Frameworks */ = {isa = PBXBuildFile; productRef = 751C39E02E9CAFCF00549AA6 /* Realtime */; };
		751C39E32E9CAFCF00549AA6 /* Storage in Frameworks */ = {isa = PBXBuildFile; productRef = 751C39E22E9CAFCF00549AA6 /* Storage */; };
		751C39E52E9CAFCF00549AA6 /* Supabase in Frameworks */ = {isa = PBXBuildFile; productRef = 751C39E42E9CAFCF00549AA6 /* Supabase */; };
		75F0244B2E9D454600BB0B22 /* FirebaseAI in Frameworks */ = {isa = PBXBuildFile; productRef = 75F0244A2E9D454600BB0B22 /* FirebaseAI */; };
		75F0244D2E9D454600BB0B22 /* FirebaseAnalytics in Frameworks */ = {isa = PBXBuildFile; productRef = 75F0244C2E9D454600BB0B22 /* FirebaseAnalytics */; };
		75F0244F2E9D454600BB0B22 /* FirebaseAnalyticsCore in Frameworks */ = {isa = PBXBuildFile; productRef = 75F0244E2E9D454600BB0B22 /* FirebaseAnalyticsCore */; };
		75F024512E9D454600BB0B22 /* FirebaseAnalyticsIdentitySupport in Frameworks */ = {isa = PBXBuildFile; productRef = 75F024502E9D454600BB0B22 /* FirebaseAnalyticsIdentitySupport */; };
		75F024532E9D454600BB0B22 /* FirebaseAuth in Frameworks */ = {isa = PBXBuildFile; productRef = 75F024522E9D454600BB0B22 /* FirebaseAuth */; };
		75F024552E9D454600BB0B22 /* FirebaseAuthCombine-Community in Frameworks */ = {isa = PBXBuildFile; productRef = 75F024542E9D454600BB0B22 /* FirebaseAuthCombine-Community */; };
		75F024572E9D454600BB0B22 /* FirebaseCore in Frameworks */ = {isa = PBXBuildFile; productRef = 75F024562E9D454600BB0B22 /* FirebaseCore */; };
		75F024592E9D454600BB0B22 /* FirebaseCrashlytics in Frameworks */ = {isa = PBXBuildFile; productRef = 75F024582E9D454600BB0B22 /* FirebaseCrashlytics */; };
		75F0245B2E9D454600BB0B22 /* FirebaseMessaging in Frameworks */ = {isa = PBXBuildFile; productRef = 75F0245A2E9D454600BB0B22 /* FirebaseMessaging */; };
		75F0245D2E9D454600BB0B22 /* FirebasePerformance in Frameworks */ = {isa = PBXBuildFile; productRef = 75F0245C2E9D454600BB0B22 /* FirebasePerformance */; };
		75F0245F2E9D454600BB0B22 /* FirebaseRemoteConfig in Frameworks */ = {isa = PBXBuildFile; productRef = 75F0245E2E9D454600BB0B22 /* FirebaseRemoteConfig */; };
		75F024DE2E9F7F9300BB0B22 /* GoogleSignIn in Frameworks */ = {isa = PBXBuildFile; productRef = 75F024DD2E9F7F9300BB0B22 /* GoogleSignIn */; };
		75F024E02E9F7F9300BB0B22 /* GoogleSignInSwift in Frameworks */ = {isa = PBXBuildFile; productRef = 75F024DF2E9F7F9300BB0B22 /* GoogleSignInSwift */; };
		75F024E22E9F87C300BB0B22 /* GoogleSignIn in Frameworks */ = {isa = PBXBuildFile; productRef = 75F024E12E9F87C300BB0B22 /* GoogleSignIn */; };
		75F024E42E9F87C300BB0B22 /* GoogleSignInSwift in Frameworks */ = {isa = PBXBuildFile; productRef = 75F024E32E9F87C300BB0B22 /* GoogleSignInSwift */; };
		75F024E62E9F881A00BB0B22 /* FirebaseAnalytics in Frameworks */ = {isa = PBXBuildFile; productRef = 75F024E52E9F881A00BB0B22 /* FirebaseAnalytics */; };
		75F024E82E9F881A00BB0B22 /* FirebaseAuth in Frameworks */ = {isa = PBXBuildFile; productRef = 75F024E72E9F881A00BB0B22 /* FirebaseAuth */; };
		75F024EA2E9F881A00BB0B22 /* FirebaseAuthCombine-Community in Frameworks */ = {isa = PBXBuildFile; productRef = 75F024E92E9F881A00BB0B22 /* FirebaseAuthCombine-Community */; };
		75F024EC2E9F881A00BB0B22 /* FirebaseCore in Frameworks */ = {isa = PBXBuildFile; productRef = 75F024EB2E9F881A00BB0B22 /* FirebaseCore */; };
/* End PBXBuildFile section */

/* Begin PBXContainerItemProxy section */
		751ADEB82E98049C00D5EC01 /* PBXContainerItemProxy */ = {
			isa = PBXContainerItemProxy;
			containerPortal = 751ADEA02E98049B00D5EC01 /* Project object */;
			proxyType = 1;
			remoteGlobalIDString = 751ADEA72E98049B00D5EC01;
			remoteInfo = imageaiwrapper;
		};
		751ADEC22E98049D00D5EC01 /* PBXContainerItemProxy */ = {
			isa = PBXContainerItemProxy;
			containerPortal = 751ADEA02E98049B00D5EC01 /* Project object */;
			proxyType = 1;
			remoteGlobalIDString = 751ADEA72E98049B00D5EC01;
			remoteInfo = imageaiwrapper;
		};
/* End PBXContainerItemProxy section */

/* Begin PBXFileReference section */
		751ADEA82E98049B00D5EC01 /* imageaiwrapper.app */ = {isa = PBXFileReference; explicitFileType = wrapper.application; includeInIndex = 0; path = imageaiwrapper.app; sourceTree = BUILT_PRODUCTS_DIR; };
		751ADEB72E98049C00D5EC01 /* imageaiwrapperTests.xctest */ = {isa = PBXFileReference; explicitFileType = wrapper.cfbundle; includeInIndex = 0; path = imageaiwrapperTests.xctest; sourceTree = BUILT_PRODUCTS_DIR; };
		751ADEC12E98049D00D5EC01 /* imageaiwrapperUITests.xctest */ = {isa = PBXFileReference; explicitFileType = wrapper.cfbundle; includeInIndex = 0; path = imageaiwrapperUITests.xctest; sourceTree = BUILT_PRODUCTS_DIR; };
/* End PBXFileReference section */

/* Begin PBXFileSystemSynchronizedRootGroup section */
		751ADEBA2E98049C00D5EC01 /* imageaiwrapperTests */ = {
			isa = PBXFileSystemSynchronizedRootGroup;
			path = imageaiwrapperTests;
			sourceTree = "<group>";
		};
		751ADEC42E98049D00D5EC01 /* imageaiwrapperUITests */ = {
			isa = PBXFileSystemSynchronizedRootGroup;
			path = imageaiwrapperUITests;
			sourceTree = "<group>";
		};
		751C3A332E9CBD0900549AA6 /* imageaiwrapper */ = {
			isa = PBXFileSystemSynchronizedRootGroup;
			path = imageaiwrapper;
			sourceTree = "<group>";
		};
/* End PBXFileSystemSynchronizedRootGroup section */

/* Begin PBXFrameworksBuildPhase section */
		751ADEA52E98049B00D5EC01 /* Frameworks */ = {
			isa = PBXFrameworksBuildPhase;
			buildActionMask = 2147483647;
			files = (
				75F024E02E9F7F9300BB0B22 /* GoogleSignInSwift in Frameworks */,
				75F0244B2E9D454600BB0B22 /* FirebaseAI in Frameworks */,
				751C39DF2E9CAFCF00549AA6 /* PostgREST in Frameworks */,
				75F0244D2E9D454600BB0B22 /* FirebaseAnalytics in Frameworks */,
				75F024592E9D454600BB0B22 /* FirebaseCrashlytics in Frameworks */,
				75F0245F2E9D454600BB0B22 /* FirebaseRemoteConfig in Frameworks */,
				751C39DD2E9CAFCF00549AA6 /* Functions in Frameworks */,
				75F0244F2E9D454600BB0B22 /* FirebaseAnalyticsCore in Frameworks */,
				75F0245D2E9D454600BB0B22 /* FirebasePerformance in Frameworks */,
				751C39E52E9CAFCF00549AA6 /* Supabase in Frameworks */,
				75F024512E9D454600BB0B22 /* FirebaseAnalyticsIdentitySupport in Frameworks */,
				75F024552E9D454600BB0B22 /* FirebaseAuthCombine-Community in Frameworks */,
				75F024572E9D454600BB0B22 /* FirebaseCore in Frameworks */,
				75F024532E9D454600BB0B22 /* FirebaseAuth in Frameworks */,
				751C39DB2E9CAFCF00549AA6 /* Auth in Frameworks */,
				75F0245B2E9D454600BB0B22 /* FirebaseMessaging in Frameworks */,
				751C39E32E9CAFCF00549AA6 /* Storage in Frameworks */,
				751C39E12E9CAFCF00549AA6 /* Realtime in Frameworks */,
				75F024DE2E9F7F9300BB0B22 /* GoogleSignIn in Frameworks */,
			);
			runOnlyForDeploymentPostprocessing = 0;
		};
		751ADEB42E98049C00D5EC01 /* Frameworks */ = {
			isa = PBXFrameworksBuildPhase;
			buildActionMask = 2147483647;
			files = (
				75F024E22E9F87C300BB0B22 /* GoogleSignIn in Frameworks */,
				75F024E42E9F87C300BB0B22 /* GoogleSignInSwift in Frameworks */,
				75F024E62E9F881A00BB0B22 /* FirebaseAnalytics in Frameworks */,
				75F024E82E9F881A00BB0B22 /* FirebaseAuth in Frameworks */,
				75F024EC2E9F881A00BB0B22 /* FirebaseCore in Frameworks */,
				75F024EA2E9F881A00BB0B22 /* FirebaseAuthCombine-Community in Frameworks */,
			);
			runOnlyForDeploymentPostprocessing = 0;
		};
		751ADEBE2E98049D00D5EC01 /* Frameworks */ = {
			isa = PBXFrameworksBuildPhase;
			buildActionMask = 2147483647;
			files = (
			);
			runOnlyForDeploymentPostprocessing = 0;
		};
/* End PBXFrameworksBuildPhase section */

/* Begin PBXGroup section */
		751ADE9F2E98049B00D5EC01 = {
			isa = PBXGroup;
			children = (
				751C3A332E9CBD0900549AA6 /* imageaiwrapper */,
				751ADEBA2E98049C00D5EC01 /* imageaiwrapperTests */,
				751ADEC42E98049D00D5EC01 /* imageaiwrapperUITests */,
				751ADEA92E98049B00D5EC01 /* Products */,
			);
			sourceTree = "<group>";
		};
		751ADEA92E98049B00D5EC01 /* Products */ = {
			isa = PBXGroup;
			children = (
				751ADEA82E98049B00D5EC01 /* imageaiwrapper.app */,
				751ADEB72E98049C00D5EC01 /* imageaiwrapperTests.xctest */,
				751ADEC12E98049D00D5EC01 /* imageaiwrapperUITests.xctest */,
			);
			name = Products;
			sourceTree = "<group>";
		};
/* End PBXGroup section */

/* Begin PBXNativeTarget section */
		751ADEA72E98049B00D5EC01 /* imageaiwrapper */ = {
			isa = PBXNativeTarget;
			buildConfigurationList = 751ADECB2E98049D00D5EC01 /* Build configuration list for PBXNativeTarget "imageaiwrapper" */;
			buildPhases = (
				751ADEA42E98049B00D5EC01 /* Sources */,
				751ADEA52E98049B00D5EC01 /* Frameworks */,
				751ADEA62E98049B00D5EC01 /* Resources */,
			);
			buildRules = (
			);
			dependencies = (
			);
			fileSystemSynchronizedGroups = (
				751C3A332E9CBD0900549AA6 /* imageaiwrapper */,
			);
			name = imageaiwrapper;
			packageProductDependencies = (
				751C39DA2E9CAFCF00549AA6 /* Auth */,
				751C39DC2E9CAFCF00549AA6 /* Functions */,
				751C39DE2E9CAFCF00549AA6 /* PostgREST */,
				751C39E02E9CAFCF00549AA6 /* Realtime */,
				751C39E22E9CAFCF00549AA6 /* Storage */,
				751C39E42E9CAFCF00549AA6 /* Supabase */,
				75F0244A2E9D454600BB0B22 /* FirebaseAI */,
				75F0244C2E9D454600BB0B22 /* FirebaseAnalytics */,
				75F0244E2E9D454600BB0B22 /* FirebaseAnalyticsCore */,
				75F024502E9D454600BB0B22 /* FirebaseAnalyticsIdentitySupport */,
				75F024522E9D454600BB0B22 /* FirebaseAuth */,
				75F024542E9D454600BB0B22 /* FirebaseAuthCombine-Community */,
				75F024562E9D454600BB0B22 /* FirebaseCore */,
				75F024582E9D454600BB0B22 /* FirebaseCrashlytics */,
				75F0245A2E9D454600BB0B22 /* FirebaseMessaging */,
				75F0245C2E9D454600BB0B22 /* FirebasePerformance */,
				75F0245E2E9D454600BB0B22 /* FirebaseRemoteConfig */,
				75F024DD2E9F7F9300BB0B22 /* GoogleSignIn */,
				75F024DF2E9F7F9300BB0B22 /* GoogleSignInSwift */,
			);
			productName = imageaiwrapper;
			productReference = 751ADEA82E98049B00D5EC01 /* imageaiwrapper.app */;
			productType = "com.apple.product-type.application";
		};
		751ADEB62E98049C00D5EC01 /* imageaiwrapperTests */ = {
			isa = PBXNativeTarget;
			buildConfigurationList = 751ADECE2E98049D00D5EC01 /* Build configuration list for PBXNativeTarget "imageaiwrapperTests" */;
			buildPhases = (
				751ADEB32E98049C00D5EC01 /* Sources */,
				751ADEB42E98049C00D5EC01 /* Frameworks */,
				751ADEB52E98049C00D5EC01 /* Resources */,
			);
			buildRules = (
			);
			dependencies = (
				751ADEB92E98049C00D5EC01 /* PBXTargetDependency */,
			);
			fileSystemSynchronizedGroups = (
				751ADEBA2E98049C00D5EC01 /* imageaiwrapperTests */,
			);
			name = imageaiwrapperTests;
			packageProductDependencies = (
				75F024E12E9F87C300BB0B22 /* GoogleSignIn */,
				75F024E32E9F87C300BB0B22 /* GoogleSignInSwift */,
				75F024E52E9F881A00BB0B22 /* FirebaseAnalytics */,
				75F024E72E9F881A00BB0B22 /* FirebaseAuth */,
				75F024E92E9F881A00BB0B22 /* FirebaseAuthCombine-Community */,
				75F024EB2E9F881A00BB0B22 /* FirebaseCore */,
			);
			productName = imageaiwrapperTests;
			productReference = 751ADEB72E98049C00D5EC01 /* imageaiwrapperTests.xctest */;
			productType = "com.apple.product-type.bundle.unit-test";
		};
		751ADEC02E98049D00D5EC01 /* imageaiwrapperUITests */ = {
			isa = PBXNativeTarget;
			buildConfigurationList = 751ADED12E98049D00D5EC01 /* Build configuration list for PBXNativeTarget "imageaiwrapperUITests" */;
			buildPhases = (
				751ADEBD2E98049D00D5EC01 /* Sources */,
				751ADEBE2E98049D00D5EC01 /* Frameworks */,
				751ADEBF2E98049D00D5EC01 /* Resources */,
			);
			buildRules = (
			);
			dependencies = (
				751ADEC32E98049D00D5EC01 /* PBXTargetDependency */,
			);
			fileSystemSynchronizedGroups = (
				751ADEC42E98049D00D5EC01 /* imageaiwrapperUITests */,
			);
			name = imageaiwrapperUITests;
			packageProductDependencies = (
			);
			productName = imageaiwrapperUITests;
			productReference = 751ADEC12E98049D00D5EC01 /* imageaiwrapperUITests.xctest */;
			productType = "com.apple.product-type.bundle.ui-testing";
		};
/* End PBXNativeTarget section */

/* Begin PBXProject section */
		751ADEA02E98049B00D5EC01 /* Project object */ = {
			isa = PBXProject;
			attributes = {
				BuildIndependentTargetsInParallel = 1;
				LastSwiftUpdateCheck = 2600;
				LastUpgradeCheck = 2600;
				TargetAttributes = {
					751ADEA72E98049B00D5EC01 = {
						CreatedOnToolsVersion = 26.0;
					};
					751ADEB62E98049C00D5EC01 = {
						CreatedOnToolsVersion = 26.0;
						TestTargetID = 751ADEA72E98049B00D5EC01;
					};
					751ADEC02E98049D00D5EC01 = {
						CreatedOnToolsVersion = 26.0;
						TestTargetID = 751ADEA72E98049B00D5EC01;
					};
				};
			};
			buildConfigurationList = 751ADEA32E98049B00D5EC01 /* Build configuration list for PBXProject "imageaiwrapper" */;
			developmentRegion = en;
			hasScannedForEncodings = 0;
			knownRegions = (
				en,
				Base,
			);
			mainGroup = 751ADE9F2E98049B00D5EC01;
			minimizedProjectReferenceProxies = 1;
			packageReferences = (
				751C39B72E9CAB3700549AA6 /* XCRemoteSwiftPackageReference "supabase-swift" */,
				75F024492E9D454600BB0B22 /* XCRemoteSwiftPackageReference "firebase-ios-sdk" */,
				75F024DC2E9F7F9300BB0B22 /* XCRemoteSwiftPackageReference "GoogleSignIn-iOS" */,
			);
			preferredProjectObjectVersion = 77;
			productRefGroup = 751ADEA92E98049B00D5EC01 /* Products */;
			projectDirPath = "";
			projectRoot = "";
			targets = (
				751ADEA72E98049B00D5EC01 /* imageaiwrapper */,
				751ADEB62E98049C00D5EC01 /* imageaiwrapperTests */,
				751ADEC02E98049D00D5EC01 /* imageaiwrapperUITests */,
			);
		};
/* End PBXProject section */

/* Begin PBXResourcesBuildPhase section */
		751ADEA62E98049B00D5EC01 /* Resources */ = {
			isa = PBXResourcesBuildPhase;
			buildActionMask = 2147483647;
			files = (
			);
			runOnlyForDeploymentPostprocessing = 0;
		};
		751ADEB52E98049C00D5EC01 /* Resources */ = {
			isa = PBXResourcesBuildPhase;
			buildActionMask = 2147483647;
			files = (
			);
			runOnlyForDeploymentPostprocessing = 0;
		};
		751ADEBF2E98049D00D5EC01 /* Resources */ = {
			isa = PBXResourcesBuildPhase;
			buildActionMask = 2147483647;
			files = (
			);
			runOnlyForDeploymentPostprocessing = 0;
		};
/* End PBXResourcesBuildPhase section */

/* Begin PBXSourcesBuildPhase section */
		751ADEA42E98049B00D5EC01 /* Sources */ = {
			isa = PBXSourcesBuildPhase;
			buildActionMask = 2147483647;
			files = (
			);
			runOnlyForDeploymentPostprocessing = 0;
		};
		751ADEB32E98049C00D5EC01 /* Sources */ = {
			isa = PBXSourcesBuildPhase;
			buildActionMask = 2147483647;
			files = (
			);
			runOnlyForDeploymentPostprocessing = 0;
		};
		751ADEBD2E98049D00D5EC01 /* Sources */ = {
			isa = PBXSourcesBuildPhase;
			buildActionMask = 2147483647;
			files = (
			);
			runOnlyForDeploymentPostprocessing = 0;
		};
/* End PBXSourcesBuildPhase section */

/* Begin PBXTargetDependency section */
		751ADEB92E98049C00D5EC01 /* PBXTargetDependency */ = {
			isa = PBXTargetDependency;
			target = 751ADEA72E98049B00D5EC01 /* imageaiwrapper */;
			targetProxy = 751ADEB82E98049C00D5EC01 /* PBXContainerItemProxy */;
		};
		751ADEC32E98049D00D5EC01 /* PBXTargetDependency */ = {
			isa = PBXTargetDependency;
			target = 751ADEA72E98049B00D5EC01 /* imageaiwrapper */;
			targetProxy = 751ADEC22E98049D00D5EC01 /* PBXContainerItemProxy */;
		};
/* End PBXTargetDependency section */

/* Begin XCBuildConfiguration section */
		751ADEC92E98049D00D5EC01 /* Debug */ = {
			isa = XCBuildConfiguration;
			buildSettings = {
				ALWAYS_SEARCH_USER_PATHS = NO;
				ASSETCATALOG_COMPILER_GENERATE_SWIFT_ASSET_SYMBOL_EXTENSIONS = YES;
				CLANG_ANALYZER_NONNULL = YES;
				CLANG_ANALYZER_NUMBER_OBJECT_CONVERSION = YES_AGGRESSIVE;
				CLANG_CXX_LANGUAGE_STANDARD = "gnu++20";
				CLANG_ENABLE_MODULES = YES;
				CLANG_ENABLE_OBJC_ARC = YES;
				CLANG_ENABLE_OBJC_WEAK = YES;
				CLANG_WARN_BLOCK_CAPTURE_AUTORELEASING = YES;
				CLANG_WARN_BOOL_CONVERSION = YES;
				CLANG_WARN_COMMA = YES;
				CLANG_WARN_CONSTANT_CONVERSION = YES;
				CLANG_WARN_DEPRECATED_OBJC_IMPLEMENTATIONS = YES;
				CLANG_WARN_DIRECT_OBJC_ISA_USAGE = YES_ERROR;
				CLANG_WARN_DOCUMENTATION_COMMENTS = YES;
				CLANG_WARN_EMPTY_BODY = YES;
				CLANG_WARN_ENUM_CONVERSION = YES;
				CLANG_WARN_INFINITE_RECURSION = YES;
				CLANG_WARN_INT_CONVERSION = YES;
				CLANG_WARN_NON_LITERAL_NULL_CONVERSION = YES;
				CLANG_WARN_OBJC_IMPLICIT_RETAIN_SELF = YES;
				CLANG_WARN_OBJC_LITERAL_CONVERSION = YES;
				CLANG_WARN_OBJC_ROOT_CLASS = YES_ERROR;
				CLANG_WARN_QUOTED_INCLUDE_IN_FRAMEWORK_HEADER = YES;
				CLANG_WARN_RANGE_LOOP_ANALYSIS = YES;
				CLANG_WARN_STRICT_PROTOTYPES = YES;
				CLANG_WARN_SUSPICIOUS_MOVE = YES;
				CLANG_WARN_UNGUARDED_AVAILABILITY = YES_AGGRESSIVE;
				CLANG_WARN_UNREACHABLE_CODE = YES;
				CLANG_WARN__DUPLICATE_METHOD_MATCH = YES;
				COPY_PHASE_STRIP = NO;
				DEBUG_INFORMATION_FORMAT = dwarf;
				DEVELOPMENT_TEAM = WG7WMAD5MS;
				ENABLE_STRICT_OBJC_MSGSEND = YES;
				ENABLE_TESTABILITY = YES;
				ENABLE_USER_SCRIPT_SANDBOXING = YES;
				GCC_C_LANGUAGE_STANDARD = gnu17;
				GCC_DYNAMIC_NO_PIC = NO;
				GCC_NO_COMMON_BLOCKS = YES;
				GCC_OPTIMIZATION_LEVEL = 0;
				GCC_PREPROCESSOR_DEFINITIONS = (
					"DEBUG=1",
					"$(inherited)",
				);
				GCC_WARN_64_TO_32_BIT_CONVERSION = YES;
				GCC_WARN_ABOUT_RETURN_TYPE = YES_ERROR;
				GCC_WARN_UNDECLARED_SELECTOR = YES;
				GCC_WARN_UNINITIALIZED_AUTOS = YES_AGGRESSIVE;
				GCC_WARN_UNUSED_FUNCTION = YES;
				GCC_WARN_UNUSED_VARIABLE = YES;
				IPHONEOS_DEPLOYMENT_TARGET = 26.0;
				LOCALIZATION_PREFERS_STRING_CATALOGS = YES;
				MTL_ENABLE_DEBUG_INFO = INCLUDE_SOURCE;
				MTL_FAST_MATH = YES;
				ONLY_ACTIVE_ARCH = YES;
				SDKROOT = iphoneos;
				SWIFT_ACTIVE_COMPILATION_CONDITIONS = "DEBUG $(inherited)";
				SWIFT_OPTIMIZATION_LEVEL = "-Onone";
			};
			name = Debug;
		};
		751ADECA2E98049D00D5EC01 /* Release */ = {
			isa = XCBuildConfiguration;
			buildSettings = {
				ALWAYS_SEARCH_USER_PATHS = NO;
				ASSETCATALOG_COMPILER_GENERATE_SWIFT_ASSET_SYMBOL_EXTENSIONS = YES;
				CLANG_ANALYZER_NONNULL = YES;
				CLANG_ANALYZER_NUMBER_OBJECT_CONVERSION = YES_AGGRESSIVE;
				CLANG_CXX_LANGUAGE_STANDARD = "gnu++20";
				CLANG_ENABLE_MODULES = YES;
				CLANG_ENABLE_OBJC_ARC = YES;
				CLANG_ENABLE_OBJC_WEAK = YES;
				CLANG_WARN_BLOCK_CAPTURE_AUTORELEASING = YES;
				CLANG_WARN_BOOL_CONVERSION = YES;
				CLANG_WARN_COMMA = YES;
				CLANG_WARN_CONSTANT_CONVERSION = YES;
				CLANG_WARN_DEPRECATED_OBJC_IMPLEMENTATIONS = YES;
				CLANG_WARN_DIRECT_OBJC_ISA_USAGE = YES_ERROR;
				CLANG_WARN_DOCUMENTATION_COMMENTS = YES;
				CLANG_WARN_EMPTY_BODY = YES;
				CLANG_WARN_ENUM_CONVERSION = YES;
				CLANG_WARN_INFINITE_RECURSION = YES;
				CLANG_WARN_INT_CONVERSION = YES;
				CLANG_WARN_NON_LITERAL_NULL_CONVERSION = YES;
				CLANG_WARN_OBJC_IMPLICIT_RETAIN_SELF = YES;
				CLANG_WARN_OBJC_LITERAL_CONVERSION = YES;
				CLANG_WARN_OBJC_ROOT_CLASS = YES_ERROR;
				CLANG_WARN_QUOTED_INCLUDE_IN_FRAMEWORK_HEADER = YES;
				CLANG_WARN_RANGE_LOOP_ANALYSIS = YES;
				CLANG_WARN_STRICT_PROTOTYPES = YES;
				CLANG_WARN_SUSPICIOUS_MOVE = YES;
				CLANG_WARN_UNGUARDED_AVAILABILITY = YES_AGGRESSIVE;
				CLANG_WARN_UNREACHABLE_CODE = YES;
				CLANG_WARN__DUPLICATE_METHOD_MATCH = YES;
				COPY_PHASE_STRIP = NO;
				DEBUG_INFORMATION_FORMAT = "dwarf-with-dsym";
				DEVELOPMENT_TEAM = WG7WMAD5MS;
				ENABLE_NS_ASSERTIONS = NO;
				ENABLE_STRICT_OBJC_MSGSEND = YES;
				ENABLE_USER_SCRIPT_SANDBOXING = YES;
				GCC_C_LANGUAGE_STANDARD = gnu17;
				GCC_NO_COMMON_BLOCKS = YES;
				GCC_WARN_64_TO_32_BIT_CONVERSION = YES;
				GCC_WARN_ABOUT_RETURN_TYPE = YES_ERROR;
				GCC_WARN_UNDECLARED_SELECTOR = YES;
				GCC_WARN_UNINITIALIZED_AUTOS = YES_AGGRESSIVE;
				GCC_WARN_UNUSED_FUNCTION = YES;
				GCC_WARN_UNUSED_VARIABLE = YES;
				IPHONEOS_DEPLOYMENT_TARGET = 26.0;
				LOCALIZATION_PREFERS_STRING_CATALOGS = YES;
				MTL_ENABLE_DEBUG_INFO = NO;
				MTL_FAST_MATH = YES;
				SDKROOT = iphoneos;
				SWIFT_COMPILATION_MODE = wholemodule;
				VALIDATE_PRODUCT = YES;
			};
			name = Release;
		};
		751ADECC2E98049D00D5EC01 /* Debug */ = {
			isa = XCBuildConfiguration;
			buildSettings = {
				ASSETCATALOG_COMPILER_APPICON_NAME = AppIcon;
				ASSETCATALOG_COMPILER_GLOBAL_ACCENT_COLOR_NAME = AccentColor;
				CODE_SIGN_ENTITLEMENTS = imageaiwrapper/imageaiwrapper.entitlements;
				CODE_SIGN_STYLE = Automatic;
				CURRENT_PROJECT_VERSION = 1;
				DEVELOPMENT_TEAM = WG7WMAD5MS;
				ENABLE_PREVIEWS = YES;
				GENERATE_INFOPLIST_FILE = YES;
				INFOPLIST_KEY_UIApplicationSceneManifest_Generation = YES;
				INFOPLIST_KEY_UIApplicationSupportsIndirectInputEvents = YES;
				INFOPLIST_KEY_UILaunchScreen_Generation = YES;
				INFOPLIST_KEY_UISupportedInterfaceOrientations_iPad = "UIInterfaceOrientationPortrait UIInterfaceOrientationPortraitUpsideDown UIInterfaceOrientationLandscapeLeft UIInterfaceOrientationLandscapeRight";
				INFOPLIST_KEY_UISupportedInterfaceOrientations_iPhone = "UIInterfaceOrientationPortrait UIInterfaceOrientationLandscapeLeft UIInterfaceOrientationLandscapeRight";
				LD_RUNPATH_SEARCH_PATHS = (
					"$(inherited)",
					"@executable_path/Frameworks",
				);
				MARKETING_VERSION = 1.0;
				PRODUCT_BUNDLE_IDENTIFIER = com.attech.imageaiwrapper;
				PRODUCT_NAME = "$(TARGET_NAME)";
				STRING_CATALOG_GENERATE_SYMBOLS = YES;
				SWIFT_APPROACHABLE_CONCURRENCY = YES;
				SWIFT_DEFAULT_ACTOR_ISOLATION = MainActor;
				SWIFT_EMIT_LOC_STRINGS = YES;
				SWIFT_UPCOMING_FEATURE_MEMBER_IMPORT_VISIBILITY = YES;
				SWIFT_VERSION = 5.0;
				TARGETED_DEVICE_FAMILY = "1,2";
			};
			name = Debug;
		};
		751ADECD2E98049D00D5EC01 /* Release */ = {
			isa = XCBuildConfiguration;
			buildSettings = {
				ASSETCATALOG_COMPILER_APPICON_NAME = AppIcon;
				ASSETCATALOG_COMPILER_GLOBAL_ACCENT_COLOR_NAME = AccentColor;
				CODE_SIGN_ENTITLEMENTS = imageaiwrapper/imageaiwrapper.entitlements;
				CODE_SIGN_STYLE = Automatic;
				CURRENT_PROJECT_VERSION = 1;
				DEVELOPMENT_TEAM = WG7WMAD5MS;
				ENABLE_PREVIEWS = YES;
				GENERATE_INFOPLIST_FILE = YES;
				INFOPLIST_KEY_UIApplicationSceneManifest_Generation = YES;
				INFOPLIST_KEY_UIApplicationSupportsIndirectInputEvents = YES;
				INFOPLIST_KEY_UILaunchScreen_Generation = YES;
				INFOPLIST_KEY_UISupportedInterfaceOrientations_iPad = "UIInterfaceOrientationPortrait UIInterfaceOrientationPortraitUpsideDown UIInterfaceOrientationLandscapeLeft UIInterfaceOrientationLandscapeRight";
				INFOPLIST_KEY_UISupportedInterfaceOrientations_iPhone = "UIInterfaceOrientationPortrait UIInterfaceOrientationLandscapeLeft UIInterfaceOrientationLandscapeRight";
				LD_RUNPATH_SEARCH_PATHS = (
					"$(inherited)",
					"@executable_path/Frameworks",
				);
				MARKETING_VERSION = 1.0;
				PRODUCT_BUNDLE_IDENTIFIER = com.attech.imageaiwrapper;
				PRODUCT_NAME = "$(TARGET_NAME)";
				STRING_CATALOG_GENERATE_SYMBOLS = YES;
				SWIFT_APPROACHABLE_CONCURRENCY = YES;
				SWIFT_DEFAULT_ACTOR_ISOLATION = MainActor;
				SWIFT_EMIT_LOC_STRINGS = YES;
				SWIFT_UPCOMING_FEATURE_MEMBER_IMPORT_VISIBILITY = YES;
				SWIFT_VERSION = 5.0;
				TARGETED_DEVICE_FAMILY = "1,2";
			};
			name = Release;
		};
		751ADECF2E98049D00D5EC01 /* Debug */ = {
			isa = XCBuildConfiguration;
			buildSettings = {
				BUNDLE_LOADER = "$(TEST_HOST)";
				CODE_SIGN_STYLE = Automatic;
				CURRENT_PROJECT_VERSION = 1;
				DEVELOPMENT_TEAM = WG7WMAD5MS;
				GENERATE_INFOPLIST_FILE = YES;
				IPHONEOS_DEPLOYMENT_TARGET = 26.0;
				MARKETING_VERSION = 1.0;
				PRODUCT_BUNDLE_IDENTIFIER = com.etech.imageaiwrapperTests;
				PRODUCT_NAME = "$(TARGET_NAME)";
				STRING_CATALOG_GENERATE_SYMBOLS = NO;
				SWIFT_APPROACHABLE_CONCURRENCY = YES;
				SWIFT_EMIT_LOC_STRINGS = NO;
				SWIFT_UPCOMING_FEATURE_MEMBER_IMPORT_VISIBILITY = YES;
				SWIFT_VERSION = 5.0;
				TARGETED_DEVICE_FAMILY = "1,2";
				TEST_HOST = "$(BUILT_PRODUCTS_DIR)/imageaiwrapper.app/$(BUNDLE_EXECUTABLE_FOLDER_PATH)/imageaiwrapper";
			};
			name = Debug;
		};
		751ADED02E98049D00D5EC01 /* Release */ = {
			isa = XCBuildConfiguration;
			buildSettings = {
				BUNDLE_LOADER = "$(TEST_HOST)";
				CODE_SIGN_STYLE = Automatic;
				CURRENT_PROJECT_VERSION = 1;
				DEVELOPMENT_TEAM = WG7WMAD5MS;
				GENERATE_INFOPLIST_FILE = YES;
				IPHONEOS_DEPLOYMENT_TARGET = 26.0;
				MARKETING_VERSION = 1.0;
				PRODUCT_BUNDLE_IDENTIFIER = com.etech.imageaiwrapperTests;
				PRODUCT_NAME = "$(TARGET_NAME)";
				STRING_CATALOG_GENERATE_SYMBOLS = NO;
				SWIFT_APPROACHABLE_CONCURRENCY = YES;
				SWIFT_EMIT_LOC_STRINGS = NO;
				SWIFT_UPCOMING_FEATURE_MEMBER_IMPORT_VISIBILITY = YES;
				SWIFT_VERSION = 5.0;
				TARGETED_DEVICE_FAMILY = "1,2";
				TEST_HOST = "$(BUILT_PRODUCTS_DIR)/imageaiwrapper.app/$(BUNDLE_EXECUTABLE_FOLDER_PATH)/imageaiwrapper";
			};
			name = Release;
		};
		751ADED22E98049D00D5EC01 /* Debug */ = {
			isa = XCBuildConfiguration;
			buildSettings = {
				CODE_SIGN_STYLE = Automatic;
				CURRENT_PROJECT_VERSION = 1;
				DEVELOPMENT_TEAM = WG7WMAD5MS;
				GENERATE_INFOPLIST_FILE = YES;
				MARKETING_VERSION = 1.0;
				PRODUCT_BUNDLE_IDENTIFIER = com.etech.imageaiwrapperUITests;
				PRODUCT_NAME = "$(TARGET_NAME)";
				STRING_CATALOG_GENERATE_SYMBOLS = NO;
				SWIFT_APPROACHABLE_CONCURRENCY = YES;
				SWIFT_EMIT_LOC_STRINGS = NO;
				SWIFT_UPCOMING_FEATURE_MEMBER_IMPORT_VISIBILITY = YES;
				SWIFT_VERSION = 5.0;
				TARGETED_DEVICE_FAMILY = "1,2";
				TEST_TARGET_NAME = imageaiwrapper;
			};
			name = Debug;
		};
		751ADED32E98049D00D5EC01 /* Release */ = {
			isa = XCBuildConfiguration;
			buildSettings = {
				CODE_SIGN_STYLE = Automatic;
				CURRENT_PROJECT_VERSION = 1;
				DEVELOPMENT_TEAM = WG7WMAD5MS;
				GENERATE_INFOPLIST_FILE = YES;
				MARKETING_VERSION = 1.0;
				PRODUCT_BUNDLE_IDENTIFIER = com.etech.imageaiwrapperUITests;
				PRODUCT_NAME = "$(TARGET_NAME)";
				STRING_CATALOG_GENERATE_SYMBOLS = NO;
				SWIFT_APPROACHABLE_CONCURRENCY = YES;
				SWIFT_EMIT_LOC_STRINGS = NO;
				SWIFT_UPCOMING_FEATURE_MEMBER_IMPORT_VISIBILITY = YES;
				SWIFT_VERSION = 5.0;
				TARGETED_DEVICE_FAMILY = "1,2";
				TEST_TARGET_NAME = imageaiwrapper;
			};
			name = Release;
		};
/* End XCBuildConfiguration section */

/* Begin XCConfigurationList section */
		751ADEA32E98049B00D5EC01 /* Build configuration list for PBXProject "imageaiwrapper" */ = {
			isa = XCConfigurationList;
			buildConfigurations = (
				751ADEC92E98049D00D5EC01 /* Debug */,
				751ADECA2E98049D00D5EC01 /* Release */,
			);
			defaultConfigurationIsVisible = 0;
			defaultConfigurationName = Release;
		};
		751ADECB2E98049D00D5EC01 /* Build configuration list for PBXNativeTarget "imageaiwrapper" */ = {
			isa = XCConfigurationList;
			buildConfigurations = (
				751ADECC2E98049D00D5EC01 /* Debug */,
				751ADECD2E98049D00D5EC01 /* Release */,
			);
			defaultConfigurationIsVisible = 0;
			defaultConfigurationName = Release;
		};
		751ADECE2E98049D00D5EC01 /* Build configuration list for PBXNativeTarget "imageaiwrapperTests" */ = {
			isa = XCConfigurationList;
			buildConfigurations = (
				751ADECF2E98049D00D5EC01 /* Debug */,
				751ADED02E98049D00D5EC01 /* Release */,
			);
			defaultConfigurationIsVisible = 0;
			defaultConfigurationName = Release;
		};
		751ADED12E98049D00D5EC01 /* Build configuration list for PBXNativeTarget "imageaiwrapperUITests" */ = {
			isa = XCConfigurationList;
			buildConfigurations = (
				751ADED22E98049D00D5EC01 /* Debug */,
				751ADED32E98049D00D5EC01 /* Release */,
			);
			defaultConfigurationIsVisible = 0;
			defaultConfigurationName = Release;
		};
/* End XCConfigurationList section */

/* Begin XCRemoteSwiftPackageReference section */
		751C39B72E9CAB3700549AA6 /* XCRemoteSwiftPackageReference "supabase-swift" */ = {
			isa = XCRemoteSwiftPackageReference;
			repositoryURL = "https://github.com/supabase/supabase-swift";
			requirement = {
				kind = upToNextMajorVersion;
				minimumVersion = 2.5.1;
			};
		};
		75F024492E9D454600BB0B22 /* XCRemoteSwiftPackageReference "firebase-ios-sdk" */ = {
			isa = XCRemoteSwiftPackageReference;
			repositoryURL = "https://github.com/firebase/firebase-ios-sdk";
			requirement = {
				kind = upToNextMajorVersion;
				minimumVersion = 12.4.0;
			};
		};
		75F024DC2E9F7F9300BB0B22 /* XCRemoteSwiftPackageReference "GoogleSignIn-iOS" */ = {
			isa = XCRemoteSwiftPackageReference;
			repositoryURL = "https://github.com/google/GoogleSignIn-iOS";
			requirement = {
				kind = upToNextMajorVersion;
				minimumVersion = 9.0.0;
			};
		};
/* End XCRemoteSwiftPackageReference section */

/* Begin XCSwiftPackageProductDependency section */
		751C39DA2E9CAFCF00549AA6 /* Auth */ = {
			isa = XCSwiftPackageProductDependency;
			package = 751C39B72E9CAB3700549AA6 /* XCRemoteSwiftPackageReference "supabase-swift" */;
			productName = Auth;
		};
		751C39DC2E9CAFCF00549AA6 /* Functions */ = {
			isa = XCSwiftPackageProductDependency;
			package = 751C39B72E9CAB3700549AA6 /* XCRemoteSwiftPackageReference "supabase-swift" */;
			productName = Functions;
		};
		751C39DE2E9CAFCF00549AA6 /* PostgREST */ = {
			isa = XCSwiftPackageProductDependency;
			package = 751C39B72E9CAB3700549AA6 /* XCRemoteSwiftPackageReference "supabase-swift" */;
			productName = PostgREST;
		};
		751C39E02E9CAFCF00549AA6 /* Realtime */ = {
			isa = XCSwiftPackageProductDependency;
			package = 751C39B72E9CAB3700549AA6 /* XCRemoteSwiftPackageReference "supabase-swift" */;
			productName = Realtime;
		};
		751C39E22E9CAFCF00549AA6 /* Storage */ = {
			isa = XCSwiftPackageProductDependency;
			package = 751C39B72E9CAB3700549AA6 /* XCRemoteSwiftPackageReference "supabase-swift" */;
			productName = Storage;
		};
		751C39E42E9CAFCF00549AA6 /* Supabase */ = {
			isa = XCSwiftPackageProductDependency;
			package = 751C39B72E9CAB3700549AA6 /* XCRemoteSwiftPackageReference "supabase-swift" */;
			productName = Supabase;
		};
		75F0244A2E9D454600BB0B22 /* FirebaseAI */ = {
			isa = XCSwiftPackageProductDependency;
			package = 75F024492E9D454600BB0B22 /* XCRemoteSwiftPackageReference "firebase-ios-sdk" */;
			productName = FirebaseAI;
		};
		75F0244C2E9D454600BB0B22 /* FirebaseAnalytics */ = {
			isa = XCSwiftPackageProductDependency;
			package = 75F024492E9D454600BB0B22 /* XCRemoteSwiftPackageReference "firebase-ios-sdk" */;
			productName = FirebaseAnalytics;
		};
		75F0244E2E9D454600BB0B22 /* FirebaseAnalyticsCore */ = {
			isa = XCSwiftPackageProductDependency;
			package = 75F024492E9D454600BB0B22 /* XCRemoteSwiftPackageReference "firebase-ios-sdk" */;
			productName = FirebaseAnalyticsCore;
		};
		75F024502E9D454600BB0B22 /* FirebaseAnalyticsIdentitySupport */ = {
			isa = XCSwiftPackageProductDependency;
			package = 75F024492E9D454600BB0B22 /* XCRemoteSwiftPackageReference "firebase-ios-sdk" */;
			productName = FirebaseAnalyticsIdentitySupport;
		};
		75F024522E9D454600BB0B22 /* FirebaseAuth */ = {
			isa = XCSwiftPackageProductDependency;
			package = 75F024492E9D454600BB0B22 /* XCRemoteSwiftPackageReference "firebase-ios-sdk" */;
			productName = FirebaseAuth;
		};
		75F024542E9D454600BB0B22 /* FirebaseAuthCombine-Community */ = {
			isa = XCSwiftPackageProductDependency;
			package = 75F024492E9D454600BB0B22 /* XCRemoteSwiftPackageReference "firebase-ios-sdk" */;
			productName = "FirebaseAuthCombine-Community";
		};
		75F024562E9D454600BB0B22 /* FirebaseCore */ = {
			isa = XCSwiftPackageProductDependency;
			package = 75F024492E9D454600BB0B22 /* XCRemoteSwiftPackageReference "firebase-ios-sdk" */;
			productName = FirebaseCore;
		};
		75F024582E9D454600BB0B22 /* FirebaseCrashlytics */ = {
			isa = XCSwiftPackageProductDependency;
			package = 75F024492E9D454600BB0B22 /* XCRemoteSwiftPackageReference "firebase-ios-sdk" */;
			productName = FirebaseCrashlytics;
		};
		75F0245A2E9D454600BB0B22 /* FirebaseMessaging */ = {
			isa = XCSwiftPackageProductDependency;
			package = 75F024492E9D454600BB0B22 /* XCRemoteSwiftPackageReference "firebase-ios-sdk" */;
			productName = FirebaseMessaging;
		};
		75F0245C2E9D454600BB0B22 /* FirebasePerformance */ = {
			isa = XCSwiftPackageProductDependency;
			package = 75F024492E9D454600BB0B22 /* XCRemoteSwiftPackageReference "firebase-ios-sdk" */;
			productName = FirebasePerformance;
		};
		75F0245E2E9D454600BB0B22 /* FirebaseRemoteConfig */ = {
			isa = XCSwiftPackageProductDependency;
			package = 75F024492E9D454600BB0B22 /* XCRemoteSwiftPackageReference "firebase-ios-sdk" */;
			productName = FirebaseRemoteConfig;
		};
		75F024DD2E9F7F9300BB0B22 /* GoogleSignIn */ = {
			isa = XCSwiftPackageProductDependency;
			package = 75F024DC2E9F7F9300BB0B22 /* XCRemoteSwiftPackageReference "GoogleSignIn-iOS" */;
			productName = GoogleSignIn;
		};
		75F024DF2E9F7F9300BB0B22 /* GoogleSignInSwift */ = {
			isa = XCSwiftPackageProductDependency;
			package = 75F024DC2E9F7F9300BB0B22 /* XCRemoteSwiftPackageReference "GoogleSignIn-iOS" */;
			productName = GoogleSignInSwift;
		};
		75F024E12E9F87C300BB0B22 /* GoogleSignIn */ = {
			isa = XCSwiftPackageProductDependency;
			package = 75F024DC2E9F7F9300BB0B22 /* XCRemoteSwiftPackageReference "GoogleSignIn-iOS" */;
			productName = GoogleSignIn;
		};
		75F024E32E9F87C300BB0B22 /* GoogleSignInSwift */ = {
			isa = XCSwiftPackageProductDependency;
			package = 75F024DC2E9F7F9300BB0B22 /* XCRemoteSwiftPackageReference "GoogleSignIn-iOS" */;
			productName = GoogleSignInSwift;
		};
		75F024E52E9F881A00BB0B22 /* FirebaseAnalytics */ = {
			isa = XCSwiftPackageProductDependency;
			package = 75F024492E9D454600BB0B22 /* XCRemoteSwiftPackageReference "firebase-ios-sdk" */;
			productName = FirebaseAnalytics;
		};
		75F024E72E9F881A00BB0B22 /* FirebaseAuth */ = {
			isa = XCSwiftPackageProductDependency;
			package = 75F024492E9D454600BB0B22 /* XCRemoteSwiftPackageReference "firebase-ios-sdk" */;
			productName = FirebaseAuth;
		};
		75F024E92E9F881A00BB0B22 /* FirebaseAuthCombine-Community */ = {
			isa = XCSwiftPackageProductDependency;
			package = 75F024492E9D454600BB0B22 /* XCRemoteSwiftPackageReference "firebase-ios-sdk" */;
			productName = "FirebaseAuthCombine-Community";
		};
		75F024EB2E9F881A00BB0B22 /* FirebaseCore */ = {
			isa = XCSwiftPackageProductDependency;
			package = 75F024492E9D454600BB0B22 /* XCRemoteSwiftPackageReference "firebase-ios-sdk" */;
			productName = FirebaseCore;
		};
/* End XCSwiftPackageProductDependency section */
	};
	rootObject = 751ADEA02E98049B00D5EC01 /* Project object */;
}
